
Microsoft Visual Studio Solution File, Format Version 12.00
# Visual Studio Version 17
VisualStudioVersion = 17.12.35521.163 d17.12
MinimumVisualStudioVersion = 10.0.40219.1
Project("{8BC9CEB8-8B4A-11D0-8D11-00A0C91BC942}") = "MyChatApp", "MyChatApp\MyChatApp.vcxproj", "{4CBEB70D-6EF2-4680-8E22-D5966F57CA13}"
EndProject
Project("{2150E333-8FDC-42A3-9474-1A3956D46DE8}") = "01_Shared", "01_Shared", "{C5670D6B-C173-4B3D-81EF-77C334190004}"
EndProject
Project("{2150E333-8FDC-42A3-9474-1A3956D46DE8}") = "02_Server", "02_Server", "{3346C7A3-FF6B-42F6-9C9D-E2C12632046A}"
EndProject
Project("{2150E333-8FDC-42A3-9474-1A3956D46DE8}") = "03_Client", "03_Client", "{2049FBEE-89A6-4615-A37F-8A3087BEB26F}"
EndProject
Project("{FAE04EC0-301F-11D3-BF4B-00C04F79EFBC}") = "MyChat.Protocol", "MyChat.Protocol\MyChat.Protocol.csproj", "{A12C1EA8-4495-4548-880E-C53EC24C17AD}"
EndProject
Project("{FAE04EC0-301F-11D3-BF4B-00C04F79EFBC}") = "MyChat.Server.Database", "MyChat.Server.Database\MyChat.Server.Database.csproj", "{8F96ED3A-AA24-482D-9BE7-0F2DF0D1E10B}"
EndProject
Project("{FAE04EC0-301F-11D3-BF4B-00C04F79EFBC}") = "MyChat.Server", "MyChat.Server\MyChat.Server.csproj", "{E3D1ED5B-B5CD-418A-9300-A03F6F920ED2}"
EndProject
Project("{FAE04EC0-301F-11D3-BF4B-00C04F79EFBC}") = "MyChat.Client.Core", "MyChat.Client.Core\MyChat.Client.Core.csproj", "{51B433A9-BC23-4B6F-BEAE-2A1996FF551C}"
EndProject
Project("{FAE04EC0-301F-11D3-BF4B-00C04F79EFBC}") = "MyChat.Desktop", "MyChat.Desktop\MyChat.Desktop.csproj", "{FDC79608-1E41-41CA-97AA-A47C577953F8}"
EndProject
Global
	GlobalSection(SolutionConfigurationPlatforms) = preSolution
		Debug|Any CPU = Debug|Any CPU
		Debug|x64 = Debug|x64
		Debug|x86 = Debug|x86
		Release|Any CPU = Release|Any CPU
		Release|x64 = Release|x64
		Release|x86 = Release|x86
	EndGlobalSection
	GlobalSection(ProjectConfigurationPlatforms) = postSolution
		{4CBEB70D-6EF2-4680-8E22-D5966F57CA13}.Debug|Any CPU.ActiveCfg = Debug|x64
		{4CBEB70D-6EF2-4680-8E22-D5966F57CA13}.Debug|Any CPU.Build.0 = Debug|x64
		{4CBEB70D-6EF2-4680-8E22-D5966F57CA13}.Debug|x64.ActiveCfg = Debug|x64
		{4CBEB70D-6EF2-4680-8E22-D5966F57CA13}.Debug|x64.Build.0 = Debug|x64
		{4CBEB70D-6EF2-4680-8E22-D5966F57CA13}.Debug|x86.ActiveCfg = Debug|Win32
		{4CBEB70D-6EF2-4680-8E22-D5966F57CA13}.Debug|x86.Build.0 = Debug|Win32
		{4CBEB70D-6EF2-4680-8E22-D5966F57CA13}.Release|Any CPU.ActiveCfg = Release|x64
		{4CBEB70D-6EF2-4680-8E22-D5966F57CA13}.Release|Any CPU.Build.0 = Release|x64
		{4CBEB70D-6EF2-4680-8E22-D5966F57CA13}.Release|x64.ActiveCfg = Release|x64
		{4CBEB70D-6EF2-4680-8E22-D5966F57CA13}.Release|x64.Build.0 = Release|x64
		{4CBEB70D-6EF2-4680-8E22-D5966F57CA13}.Release|x86.ActiveCfg = Release|Win32
		{4CBEB70D-6EF2-4680-8E22-D5966F57CA13}.Release|x86.Build.0 = Release|Win32
		{A12C1EA8-4495-4548-880E-C53EC24C17AD}.Debug|Any CPU.ActiveCfg = Debug|Any CPU
		{A12C1EA8-4495-4548-880E-C53EC24C17AD}.Debug|Any CPU.Build.0 = Debug|Any CPU
		{A12C1EA8-4495-4548-880E-C53EC24C17AD}.Debug|x64.ActiveCfg = Debug|Any CPU
		{A12C1EA8-4495-4548-880E-C53EC24C17AD}.Debug|x64.Build.0 = Debug|Any CPU
		{A12C1EA8-4495-4548-880E-C53EC24C17AD}.Debug|x86.ActiveCfg = Debug|Any CPU
		{A12C1EA8-4495-4548-880E-C53EC24C17AD}.Debug|x86.Build.0 = Debug|Any CPU
		{A12C1EA8-4495-4548-880E-C53EC24C17AD}.Release|Any CPU.ActiveCfg = Release|Any CPU
		{A12C1EA8-4495-4548-880E-C53EC24C17AD}.Release|Any CPU.Build.0 = Release|Any CPU
		{A12C1EA8-4495-4548-880E-C53EC24C17AD}.Release|x64.ActiveCfg = Release|Any CPU
		{A12C1EA8-4495-4548-880E-C53EC24C17AD}.Release|x64.Build.0 = Release|Any CPU
		{A12C1EA8-4495-4548-880E-C53EC24C17AD}.Release|x86.ActiveCfg = Release|Any CPU
		{A12C1EA8-4495-4548-880E-C53EC24C17AD}.Release|x86.Build.0 = Release|Any CPU
		{8F96ED3A-AA24-482D-9BE7-0F2DF0D1E10B}.Debug|Any CPU.ActiveCfg = Debug|Any CPU
		{8F96ED3A-AA24-482D-9BE7-0F2DF0D1E10B}.Debug|Any CPU.Build.0 = Debug|Any CPU
		{8F96ED3A-AA24-482D-9BE7-0F2DF0D1E10B}.Debug|x64.ActiveCfg = Debug|Any CPU
		{8F96ED3A-AA24-482D-9BE7-0F2DF0D1E10B}.Debug|x64.Build.0 = Debug|Any CPU
		{8F96ED3A-AA24-482D-9BE7-0F2DF0D1E10B}.Debug|x86.ActiveCfg = Debug|Any CPU
		{8F96ED3A-AA24-482D-9BE7-0F2DF0D1E10B}.Debug|x86.Build.0 = Debug|Any CPU
		{8F96ED3A-AA24-482D-9BE7-0F2DF0D1E10B}.Release|Any CPU.ActiveCfg = Release|Any CPU
		{8F96ED3A-AA24-482D-9BE7-0F2DF0D1E10B}.Release|Any CPU.Build.0 = Release|Any CPU
		{8F96ED3A-AA24-482D-9BE7-0F2DF0D1E10B}.Release|x64.ActiveCfg = Release|Any CPU
		{8F96ED3A-AA24-482D-9BE7-0F2DF0D1E10B}.Release|x64.Build.0 = Release|Any CPU
		{8F96ED3A-AA24-482D-9BE7-0F2DF0D1E10B}.Release|x86.ActiveCfg = Release|Any CPU
		{8F96ED3A-AA24-482D-9BE7-0F2DF0D1E10B}.Release|x86.Build.0 = Release|Any CPU
		{E3D1ED5B-B5CD-418A-9300-A03F6F920ED2}.Debug|Any CPU.ActiveCfg = Debug|Any CPU
		{E3D1ED5B-B5CD-418A-9300-A03F6F920ED2}.Debug|Any CPU.Build.0 = Debug|Any CPU
		{E3D1ED5B-B5CD-418A-9300-A03F6F920ED2}.Debug|x64.ActiveCfg = Debug|Any CPU
		{E3D1ED5B-B5CD-418A-9300-A03F6F920ED2}.Debug|x64.Build.0 = Debug|Any CPU
		{E3D1ED5B-B5CD-418A-9300-A03F6F920ED2}.Debug|x86.ActiveCfg = Debug|Any CPU
		{E3D1ED5B-B5CD-418A-9300-A03F6F920ED2}.Debug|x86.Build.0 = Debug|Any CPU
		{E3D1ED5B-B5CD-418A-9300-A03F6F920ED2}.Release|Any CPU.ActiveCfg = Release|Any CPU
		{E3D1ED5B-B5CD-418A-9300-A03F6F920ED2}.Release|Any CPU.Build.0 = Release|Any CPU
		{E3D1ED5B-B5CD-418A-9300-A03F6F920ED2}.Release|x64.ActiveCfg = Release|Any CPU
		{E3D1ED5B-B5CD-418A-9300-A03F6F920ED2}.Release|x64.Build.0 = Release|Any CPU
		{E3D1ED5B-B5CD-418A-9300-A03F6F920ED2}.Release|x86.ActiveCfg = Release|Any CPU
		{E3D1ED5B-B5CD-418A-9300-A03F6F920ED2}.Release|x86.Build.0 = Release|Any CPU
		{51B433A9-BC23-4B6F-BEAE-2A1996FF551C}.Debug|Any CPU.ActiveCfg = Debug|Any CPU
		{51B433A9-BC23-4B6F-BEAE-2A1996FF551C}.Debug|Any CPU.Build.0 = Debug|Any CPU
		{51B433A9-BC23-4B6F-BEAE-2A1996FF551C}.Debug|x64.ActiveCfg = Debug|Any CPU
		{51B433A9-BC23-4B6F-BEAE-2A1996FF551C}.Debug|x64.Build.0 = Debug|Any CPU
		{51B433A9-BC23-4B6F-BEAE-2A1996FF551C}.Debug|x86.ActiveCfg = Debug|Any CPU
		{51B433A9-BC23-4B6F-BEAE-2A1996FF551C}.Debug|x86.Build.0 = Debug|Any CPU
		{51B433A9-BC23-4B6F-BEAE-2A1996FF551C}.Release|Any CPU.ActiveCfg = Release|Any CPU
		{51B433A9-BC23-4B6F-BEAE-2A1996FF551C}.Release|Any CPU.Build.0 = Release|Any CPU
		{51B433A9-BC23-4B6F-BEAE-2A1996FF551C}.Release|x64.ActiveCfg = Release|Any CPU
		{51B433A9-BC23-4B6F-BEAE-2A1996FF551C}.Release|x64.Build.0 = Release|Any CPU
		{51B433A9-BC23-4B6F-BEAE-2A1996FF551C}.Release|x86.ActiveCfg = Release|Any CPU
		{51B433A9-BC23-4B6F-BEAE-2A1996FF551C}.Release|x86.Build.0 = Release|Any CPU
		{FDC79608-1E41-41CA-97AA-A47C577953F8}.Debug|Any CPU.ActiveCfg = Debug|Any CPU
		{FDC79608-1E41-41CA-97AA-A47C577953F8}.Debug|Any CPU.Build.0 = Debug|Any CPU
		{FDC79608-1E41-41CA-97AA-A47C577953F8}.Debug|x64.ActiveCfg = Debug|Any CPU
		{FDC79608-1E41-41CA-97AA-A47C577953F8}.Debug|x64.Build.0 = Debug|Any CPU
		{FDC79608-1E41-41CA-97AA-A47C577953F8}.Debug|x86.ActiveCfg = Debug|Any CPU
		{FDC79608-1E41-41CA-97AA-A47C577953F8}.Debug|x86.Build.0 = Debug|Any CPU
		{FDC79608-1E41-41CA-97AA-A47C577953F8}.Release|Any CPU.ActiveCfg = Release|Any CPU
		{FDC79608-1E41-41CA-97AA-A47C577953F8}.Release|Any CPU.Build.0 = Release|Any CPU
		{FDC79608-1E41-41CA-97AA-A47C577953F8}.Release|x64.ActiveCfg = Release|Any CPU
		{FDC79608-1E41-41CA-97AA-A47C577953F8}.Release|x64.Build.0 = Release|Any CPU
		{FDC79608-1E41-41CA-97AA-A47C577953F8}.Release|x86.ActiveCfg = Release|Any CPU
		{FDC79608-1E41-41CA-97AA-A47C577953F8}.Release|x86.Build.0 = Release|Any CPU
	EndGlobalSection
	GlobalSection(SolutionProperties) = preSolution
		HideSolutionNode = FALSE
	EndGlobalSection
	GlobalSection(NestedProjects) = preSolution
		{A12C1EA8-4495-4548-880E-C53EC24C17AD} = {C5670D6B-C173-4B3D-81EF-77C334190004}
		{8F96ED3A-AA24-482D-9BE7-0F2DF0D1E10B} = {3346C7A3-FF6B-42F6-9C9D-E2C12632046A}
		{E3D1ED5B-B5CD-418A-9300-A03F6F920ED2} = {3346C7A3-FF6B-42F6-9C9D-E2C12632046A}
		{51B433A9-BC23-4B6F-BEAE-2A1996FF551C} = {2049FBEE-89A6-4615-A37F-8A3087BEB26F}
		{FDC79608-1E41-41CA-97AA-A47C577953F8} = {2049FBEE-89A6-4615-A37F-8A3087BEB26F}
	EndGlobalSection
EndGlobal
